
Microsoft Visual Studio Solution File, Format Version 12.00
# Visual Studio 15
VisualStudioVersion = 15.0.26730.16
MinimumVisualStudioVersion = 10.0.40219.1
Project("{FAE04EC0-301F-11D3-BF4B-00C04F79EFBC}") = "Singleton", "Singleton\Singleton.csproj", "{C444F9CA-C21F-4A44-83FD-8237BCB55091}"
EndProject
Project("{FAE04EC0-301F-11D3-BF4B-00C04F79EFBC}") = "Factory", "Factory\Factory.csproj", "{78BAF006-FF04-4C33-8E12-055D773ED3C8}"
EndProject
Project("{FAE04EC0-301F-11D3-BF4B-00C04F79EFBC}") = "Abstract-Factory", "Abstract-Factory\Abstract-Factory.csproj", "{66E97E75-3392-4E57-82D7-31E060E6BFE6}"
EndProject
Global
	GlobalSection(SolutionConfigurationPlatforms) = preSolution
		Debug|Any CPU = Debug|Any CPU
		Release|Any CPU = Release|Any CPU
	EndGlobalSection
	GlobalSection(ProjectConfigurationPlatforms) = postSolution
		{C444F9CA-C21F-4A44-83FD-8237BCB55091}.Debug|Any CPU.ActiveCfg = Debug|Any CPU
		{C444F9CA-C21F-4A44-83FD-8237BCB55091}.Debug|Any CPU.Build.0 = Debug|Any CPU
		{C444F9CA-C21F-4A44-83FD-8237BCB55091}.Release|Any CPU.ActiveCfg = Release|Any CPU
		{C444F9CA-C21F-4A44-83FD-8237BCB55091}.Release|Any CPU.Build.0 = Release|Any CPU
		{78BAF006-FF04-4C33-8E12-055D773ED3C8}.Debug|Any CPU.ActiveCfg = Debug|Any CPU
		{78BAF006-FF04-4C33-8E12-055D773ED3C8}.Debug|Any CPU.Build.0 = Debug|Any CPU
		{78BAF006-FF04-4C33-8E12-055D773ED3C8}.Release|Any CPU.ActiveCfg = Release|Any CPU
		{78BAF006-FF04-4C33-8E12-055D773ED3C8}.Release|Any CPU.Build.0 = Release|Any CPU
		{66E97E75-3392-4E57-82D7-31E060E6BFE6}.Debug|Any CPU.ActiveCfg = Debug|Any CPU
		{66E97E75-3392-4E57-82D7-31E060E6BFE6}.Debug|Any CPU.Build.0 = Debug|Any CPU
		{66E97E75-3392-4E57-82D7-31E060E6BFE6}.Release|Any CPU.ActiveCfg = Release|Any CPU
		{66E97E75-3392-4E57-82D7-31E060E6BFE6}.Release|Any CPU.Build.0 = Release|Any CPU
	EndGlobalSection
	GlobalSection(SolutionProperties) = preSolution
		HideSolutionNode = FALSE
	EndGlobalSection
	GlobalSection(ExtensibilityGlobals) = postSolution
		SolutionGuid = {AE329184-06FF-4368-8E60-A42DA1547088}
	EndGlobalSection
EndGlobal
